
Microsoft Visual Studio Solution File, Format Version 12.00
# Visual Studio Version 17
VisualStudioVersion = 17.14.36401.2 d17.14
MinimumVisualStudioVersion = 10.0.40219.1
Project("{FAE04EC0-301F-11D3-BF4B-00C04F79EFBC}") = "GD14_1133_Lab2_Jeong_Yuri", "GD14_1133_Lab2_Jeong_Yuri.csproj", "{2D067BAB-07BD-403E-987C-5FE25E989C87}"
EndProject
Global
	GlobalSection(SolutionConfigurationPlatforms) = preSolution
		Debug|Any CPU = Debug|Any CPU
		Release|Any CPU = Release|Any CPU
	EndGlobalSection
	GlobalSection(ProjectConfigurationPlatforms) = postSolution
		{2D067BAB-07BD-403E-987C-5FE25E989C87}.Debug|Any CPU.ActiveCfg = Debug|Any CPU
		{2D067BAB-07BD-403E-987C-5FE25E989C87}.Debug|Any CPU.Build.0 = Debug|Any CPU
		{2D067BAB-07BD-403E-987C-5FE25E989C87}.Release|Any CPU.ActiveCfg = Release|Any CPU
		{2D067BAB-07BD-403E-987C-5FE25E989C87}.Release|Any CPU.Build.0 = Release|Any CPU
	EndGlobalSection
	GlobalSection(SolutionProperties) = preSolution
		HideSolutionNode = FALSE
	EndGlobalSection
	GlobalSection(ExtensibilityGlobals) = postSolution
		SolutionGuid = {0A44E9B0-758F-4C0B-B3D8-4833CD1EC808}
	EndGlobalSection
EndGlobal
